// !$*UTF8*$!
{
	archiveVersion = 1;
	classes = {
	};
	objectVersion = 46;
	objects = {

/* Begin PBXBuildFile section */
		1E1DBEB01D1FA4B600478AEF /* AppDelegate.swift in Sources */ = {isa = PBXBuildFile; fileRef = 1E1DBEAF1D1FA4B600478AEF /* AppDelegate.swift */; };
		1E1DBEB21D1FA4B600478AEF /* ViewController.swift in Sources */ = {isa = PBXBuildFile; fileRef = 1E1DBEB11D1FA4B600478AEF /* ViewController.swift */; };
		1E1DBEB51D1FA4B600478AEF /* Main.storyboard in Resources */ = {isa = PBXBuildFile; fileRef = 1E1DBEB31D1FA4B600478AEF /* Main.storyboard */; };
		1E1DBEB71D1FA4B600478AEF /* Assets.xcassets in Resources */ = {isa = PBXBuildFile; fileRef = 1E1DBEB61D1FA4B600478AEF /* Assets.xcassets */; };
		1E1DBEBA1D1FA4B600478AEF /* LaunchScreen.storyboard in Resources */ = {isa = PBXBuildFile; fileRef = 1E1DBEB81D1FA4B600478AEF /* LaunchScreen.storyboard */; };
/* End PBXBuildFile section */

/* Begin PBXFileReference section */
		1E1DBEAC1D1FA4B600478AEF /* SecondKadaiApps.app */ = {isa = PBXFileReference; explicitFileType = wrapper.application; includeInIndex = 0; path = SecondKadaiApps.app; sourceTree = BUILT_PRODUCTS_DIR; };
		1E1DBEAF1D1FA4B600478AEF /* AppDelegate.swift */ = {isa = PBXFileReference; lastKnownFileType = sourcecode.swift; path = AppDelegate.swift; sourceTree = "<group>"; };
		1E1DBEB11D1FA4B600478AEF /* ViewController.swift */ = {isa = PBXFileReference; lastKnownFileType = sourcecode.swift; path = ViewController.swift; sourceTree = "<group>"; };
		1E1DBEB41D1FA4B600478AEF /* Base */ = {isa = PBXFileReference; lastKnownFileType = file.storyboard; name = Base; path = Base.lproj/Main.storyboard; sourceTree = "<group>"; };
		1E1DBEB61D1FA4B600478AEF /* Assets.xcassets */ = {isa = PBXFileReference; lastKnownFileType = folder.assetcatalog; path = Assets.xcassets; sourceTree = "<group>"; };
		1E1DBEB91D1FA4B600478AEF /* Base */ = {isa = PBXFileReference; lastKnownFileType = file.storyboard; name = Base; path = Base.lproj/LaunchScreen.storyboard; sourceTree = "<group>"; };
		1E1DBEBB1D1FA4B600478AEF /* Info.plist */ = {isa = PBXFileReference; lastKnownFileType = text.plist.xml; path = Info.plist; sourceTree = "<group>"; };
/* End PBXFileReference section */

/* Begin PBXFrameworksBuildPhase section */
		1E1DBEA91D1FA4B600478AEF /* Frameworks */ = {
			isa = PBXFrameworksBuildPhase;
			buildActionMask = 2147483647;
			files = (
			);
			runOnlyForDeploymentPostprocessing = 0;
		};
/* End PBXFrameworksBuildPhase section */

/* Begin PBXGroup section */
		1E1DBEA31D1FA4B500478AEF = {
			isa = PBXGroup;
			children = (
				1E1DBEAE1D1FA4B600478AEF /* SecondKadaiApps */,
				1E1DBEAD1D1FA4B600478AEF /* Products */,
			);
			sourceTree = "<group>";
		};
		1E1DBEAD1D1FA4B600478AEF /* Products */ = {
			isa = PBXGroup;
			children = (
				1E1DBEAC1D1FA4B600478AEF /* SecondKadaiApps.app */,
			);
			name = Products;
			sourceTree = "<group>";
		};
		1E1DBEAE1D1FA4B600478AEF /* SecondKadaiApps */ = {
			isa = PBXGroup;
			children = (
				1E1DBEAF1D1FA4B600478AEF /* AppDelegate.swift */,
				1E1DBEB11D1FA4B600478AEF /* ViewController.swift */,
				1E1DBEB31D1FA4B600478AEF /* Main.storyboard */,
				1E1DBEB61D1FA4B600478AEF /* Assets.xcassets */,
				1E1DBEB81D1FA4B600478AEF /* LaunchScreen.storyboard */,
				1E1DBEBB1D1FA4B600478AEF /* Info.plist */,
			);
			path = SecondKadaiApps;
			sourceTree = "<group>";
		};
/* End PBXGroup section */

/* Begin PBXNativeTarget section */
		1E1DBEAB1D1FA4B600478AEF /* SecondKadaiApps */ = {
			isa = PBXNativeTarget;
			buildConfigurationList = 1E1DBEBE1D1FA4B600478AEF /* Build configuration list for PBXNativeTarget "SecondKadaiApps" */;
			buildPhases = (
				1E1DBEA81D1FA4B600478AEF /* Sources */,
				1E1DBEA91D1FA4B600478AEF /* Frameworks */,
				1E1DBEAA1D1FA4B600478AEF /* Resources */,
			);
			buildRules = (
			);
			dependencies = (
			);
			name = SecondKadaiApps;
			productName = SecondKadaiApps;
			productReference = 1E1DBEAC1D1FA4B600478AEF /* SecondKadaiApps.app */;
			productType = "com.apple.product-type.application";
		};
/* End PBXNativeTarget section */

/* Begin PBXProject section */
		1E1DBEA41D1FA4B500478AEF /* Project object */ = {
			isa = PBXProject;
			attributes = {
				LastSwiftUpdateCheck = 0730;
				LastUpgradeCheck = 0730;
				ORGANIZATIONNAME = "ayako,masuda";
				TargetAttributes = {
					1E1DBEAB1D1FA4B600478AEF = {
						CreatedOnToolsVersion = 7.3.1;
					};
				};
			};
			buildConfigurationList = 1E1DBEA71D1FA4B500478AEF /* Build configuration list for PBXProject "SecondKadaiApps" */;
			compatibilityVersion = "Xcode 3.2";
			developmentRegion = English;
			hasScannedForEncodings = 0;
			knownRegions = (
				en,
				Base,
			);
			mainGroup = 1E1DBEA31D1FA4B500478AEF;
			productRefGroup = 1E1DBEAD1D1FA4B600478AEF /* Products */;
			projectDirPath = "";
			projectRoot = "";
			targets = (
				1E1DBEAB1D1FA4B600478AEF /* SecondKadaiApps */,
			);
		};
/* End PBXProject section */

/* Begin PBXResourcesBuildPhase section */
		1E1DBEAA1D1FA4B600478AEF /* Resources */ = {
			isa = PBXResourcesBuildPhase;
			buildActionMask = 2147483647;
			files = (
				1E1DBEBA1D1FA4B600478AEF /* LaunchScreen.storyboard in Resources */,
				1E1DBEB71D1FA4B600478AEF /* Assets.xcassets in Resources */,
				1E1DBEB51D1FA4B600478AEF /* Main.storyboard in Resources */,
			);
			runOnlyForDeploymentPostprocessing = 0;
		};
/* End PBXResourcesBuildPhase section */

/* Begin PBXSourcesBuildPhase section */
		1E1DBEA81D1FA4B600478AEF /* Sources */ = {
			isa = PBXSourcesBuildPhase;
			buildActionMask = 2147483647;
			files = (
				1E1DBEB21D1FA4B600478AEF /* ViewController.swift in Sources */,
				1E1DBEB01D1FA4B600478AEF /* AppDelegate.swift in Sources */,
			);
			runOnlyForDeploymentPostprocessing = 0;
		};
/* End PBXSourcesBuildPhase section */

/* Begin PBXVariantGroup section */
		1E1DBEB31D1FA4B600478AEF /* Main.storyboard */ = {
			isa = PBXVariantGroup;
			children = (
				1E1DBEB41D1FA4B600478AEF /* Base */,
			);
			name = Main.storyboard;
			sourceTree = "<group>";
		};
		1E1DBEB81D1FA4B600478AEF /* LaunchScreen.storyboard */ = {
			isa = PBXVariantGroup;
			children = (
				1E1DBEB91D1FA4B600478AEF /* Base */,
			);
			name = LaunchScreen.storyboard;
			sourceTree = "<group>";
		};
/* End PBXVariantGroup section */

/* Begin XCBuildConfiguration section */
		1E1DBEBC1D1FA4B600478AEF /* Debug */ = {
			isa = XCBuildConfiguration;
			buildSettings = {
				ALWAYS_SEARCH_USER_PATHS = NO;
				CLANG_ANALYZER_NONNULL = YES;
				CLANG_CXX_LANGUAGE_STANDARD = "gnu++0x";
				CLANG_CXX_LIBRARY = "libc++";
				CLANG_ENABLE_MODULES = YES;
				CLANG_ENABLE_OBJC_ARC = YES;
				CLANG_WARN_BOOL_CONVERSION = YES;
				CLANG_WARN_CONSTANT_CONVERSION = YES;
				CLANG_WARN_DIRECT_OBJC_ISA_USAGE = YES_ERROR;
				CLANG_WARN_EMPTY_BODY = YES;
				CLANG_WARN_ENUM_CONVERSION = YES;
				CLANG_WARN_INT_CONVERSION = YES;
				CLANG_WARN_OBJC_ROOT_CLASS = YES_ERROR;
				CLANG_WARN_UNREACHABLE_CODE = YES;
				CLANG_WARN__DUPLICATE_METHOD_MATCH = YES;
				"CODE_SIGN_IDENTITY[sdk=iphoneos*]" = "iPhone Developer";
				COPY_PHASE_STRIP = NO;
				DEBUG_INFORMATION_FORMAT = dwarf;
				ENABLE_STRICT_OBJC_MSGSEND = YES;
				ENABLE_TESTABILITY = YES;
				GCC_C_LANGUAGE_STANDARD = gnu99;
				GCC_DYNAMIC_NO_PIC = NO;
				GCC_NO_COMMON_BLOCKS = YES;
				GCC_OPTIMIZATION_LEVEL = 0;
				GCC_PREPROCESSOR_DEFINITIONS = (
					"DEBUG=1",
					"$(inherited)",
				);
				GCC_WARN_64_TO_32_BIT_CONVERSION = YES;
				GCC_WARN_ABOUT_RETURN_TYPE = YES_ERROR;
				GCC_WARN_UNDECLARED_SELECTOR = YES;
				GCC_WARN_UNINITIALIZED_AUTOS = YES_AGGRESSIVE;
				GCC_WARN_UNUSED_FUNCTION = YES;
				GCC_WARN_UNUSED_VARIABLE = YES;
				IPHONEOS_DEPLOYMENT_TARGET = 9.3;
				MTL_ENABLE_DEBUG_INFO = YES;
				ONLY_ACTIVE_ARCH = YES;
				SDKROOT = iphoneos;
				SWIFT_OPTIMIZATION_LEVEL = "-Onone";
			};
			name = Debug;
		};
		1E1DBEBD1D1FA4B600478AEF /* Release */ = {
			isa = XCBuildConfiguration;
			buildSettings = {
				ALWAYS_SEARCH_USER_PATHS = NO;
				CLANG_ANALYZER_NONNULL = YES;
				CLANG_CXX_LANGUAGE_STANDARD = "gnu++0x";
				CLANG_CXX_LIBRARY = "libc++";
				CLANG_ENABLE_MODULES = YES;
				CLANG_ENABLE_OBJC_ARC = YES;
				CLANG_WARN_BOOL_CONVERSION = YES;
				CLANG_WARN_CONSTANT_CONVERSION = YES;
				CLANG_WARN_DIRECT_OBJC_ISA_USAGE = YES_ERROR;
				CLANG_WARN_EMPTY_BODY = YES;
				CLANG_WARN_ENUM_CONVERSION = YES;
				CLANG_WARN_INT_CONVERSION = YES;
				CLANG_WARN_OBJC_ROOT_CLASS = YES_ERROR;
				CLANG_WARN_UNREACHABLE_CODE = YES;
				CLANG_WARN__DUPLICATE_METHOD_MATCH = YES;
				"CODE_SIGN_IDENTITY[sdk=iphoneos*]" = "iPhone Developer";
				COPY_PHASE_STRIP = NO;
				DEBUG_INFORMATION_FORMAT = "dwarf-with-dsym";
				ENABLE_NS_ASSERTIONS = NO;
				ENABLE_STRICT_OBJC_MSGSEND = YES;
				GCC_C_LANGUAGE_STANDARD = gnu99;
				GCC_NO_COMMON_BLOCKS = YES;
				GCC_WARN_64_TO_32_BIT_CONVERSION = YES;
				GCC_WARN_ABOUT_RETURN_TYPE = YES_ERROR;
				GCC_WARN_UNDECLARED_SELECTOR = YES;
				GCC_WARN_UNINITIALIZED_AUTOS = YES_AGGRESSIVE;
				GCC_WARN_UNUSED_FUNCTION = YES;
				GCC_WARN_UNUSED_VARIABLE = YES;
				IPHONEOS_DEPLOYMENT_TARGET = 9.3;
				MTL_ENABLE_DEBUG_INFO = NO;
				SDKROOT = iphoneos;
				VALIDATE_PRODUCT = YES;
			};
			name = Release;
		};
		1E1DBEBF1D1FA4B600478AEF /* Debug */ = {
			isa = XCBuildConfiguration;
			buildSettings = {
				ASSETCATALOG_COMPILER_APPICON_NAME = AppIcon;
				INFOPLIST_FILE = SecondKadaiApps/Info.plist;
				LD_RUNPATH_SEARCH_PATHS = "$(inherited) @executable_path/Frameworks";
				PRODUCT_BUNDLE_IDENTIFIER = jp.techacademy.ayako.masuda.SecondKadaiApps;
				PRODUCT_NAME = "$(TARGET_NAME)";
			};
			name = Debug;
		};
		1E1DBEC01D1FA4B600478AEF /* Release */ = {
			isa = XCBuildConfiguration;
			buildSettings = {
				ASSETCATALOG_COMPILER_APPICON_NAME = AppIcon;
				INFOPLIST_FILE = SecondKadaiApps/Info.plist;
				LD_RUNPATH_SEARCH_PATHS = "$(inherited) @executable_path/Frameworks";
				PRODUCT_BUNDLE_IDENTIFIER = jp.techacademy.ayako.masuda.SecondKadaiApps;
				PRODUCT_NAME = "$(TARGET_NAME)";
			};
			name = Release;
		};
/* End XCBuildConfiguration section */

/* Begin XCConfigurationList section */
		1E1DBEA71D1FA4B500478AEF /* Build configuration list for PBXProject "SecondKadaiApps" */ = {
			isa = XCConfigurationList;
			buildConfigurations = (
				1E1DBEBC1D1FA4B600478AEF /* Debug */,
				1E1DBEBD1D1FA4B600478AEF /* Release */,
			);
			defaultConfigurationIsVisible = 0;
			defaultConfigurationName = Release;
		};
		1E1DBEBE1D1FA4B600478AEF /* Build configuration list for PBXNativeTarget "SecondKadaiApps" */ = {
			isa = XCConfigurationList;
			buildConfigurations = (
				1E1DBEBF1D1FA4B600478AEF /* Debug */,
				1E1DBEC01D1FA4B600478AEF /* Release */,
			);
			defaultConfigurationIsVisible = 0;
		};
/* End XCConfigurationList section */
	};
	rootObject = 1E1DBEA41D1FA4B500478AEF /* Project object */;
}
